<?xml version="1.0" encoding="utf-8"?>
<Project ToolsVersion="4.0" xmlns="http://schemas.microsoft.com/developer/msbuild/2003">
  <ItemGroup>
    <Filter Include="Source Files">
      <UniqueIdentifier>{4FC737F1-C7A5-4376-A066-2A32D752A2FF}</UniqueIdentifier>
      <Extensions>cpp;c;cc;cxx;c++;cppm;ixx;def;odl;idl;hpj;bat;asm;asmx</Extensions>
    </Filter>
    <Filter Include="Header Files">
      <UniqueIdentifier>{93995380-89BD-4b04-88EB-625FBE52EBFB}</UniqueIdentifier>
      <Extensions>h;hh;hpp;hxx;h++;hm;inl;inc;ipp;xsd</Extensions>
    </Filter>
    <Filter Include="Resource Files">
      <UniqueIdentifier>{67DA6AB6-F800-4c08-8B7A-83BB121AAD01}</UniqueIdentifier>
      <Extensions>rc;ico;cur;bmp;dlg;rc2;rct;bin;rgs;gif;jpg;jpeg;jpe;resx;tiff;tif;png;wav;mfcribbon-ms</Extensions>
    </Filter>
    <Filter Include="Assets">
      <UniqueIdentifier>{e2756247-3676-4164-87ce-41999d7f81e7}</UniqueIdentifier>
    </Filter>
    <Filter Include="Shaders">
      <UniqueIdentifier>{54b409a5-11d5-45ab-ad93-5020c175a470}</UniqueIdentifier>
    </Filter>
    <Filter Include="Shaders\ChunkShaders">
      <UniqueIdentifier>{1b7a9614-90e1-407b-8d53-681b02653d65}</UniqueIdentifier>
    </Filter>
    <Filter Include="Shaders\PostProcessing">
      <UniqueIdentifier>{79d76959-1eba-482b-9201-12d41df6be6c}</UniqueIdentifier>
    </Filter>
  </ItemGroup>
  <ItemGroup>
    <ClCompile Include="Src\Chunk.cpp">
      <Filter>Source Files</Filter>
    </ClCompile>
    <ClCompile Include="Src\Common.cpp">
      <Filter>Source Files</Filter>
    </ClCompile>
    <ClCompile Include="Src\glad.c">
      <Filter>Source Files</Filter>
    </ClCompile>
    <ClCompile Include="Src\Inputs.cpp">
      <Filter>Source Files</Filter>
    </ClCompile>
    <ClCompile Include="Src\Main.cpp">
      <Filter>Source Files</Filter>
    </ClCompile>
    <ClCompile Include="Src\TextureLoading.cpp">
      <Filter>Source Files</Filter>
    </ClCompile>
    <ClCompile Include="Src\World.cpp">
      <Filter>Source Files</Filter>
    </ClCompile>
  </ItemGroup>
  <ItemGroup>
    <ClInclude Include="Include\Array3D.h">
      <Filter>Header Files</Filter>
    </ClInclude>
    <ClInclude Include="Include\BufferObject.h">
      <Filter>Header Files</Filter>
    </ClInclude>
    <ClInclude Include="Include\Camera.h">
      <Filter>Header Files</Filter>
    </ClInclude>
    <ClInclude Include="Include\Chunk.h">
      <Filter>Header Files</Filter>
    </ClInclude>
    <ClInclude Include="Include\CollisionObject.h">
      <Filter>Header Files</Filter>
    </ClInclude>
    <ClInclude Include="Include\Color.h">
      <Filter>Header Files</Filter>
    </ClInclude>
    <ClInclude Include="Include\Common.h">
      <Filter>Header Files</Filter>
    </ClInclude>
    <ClInclude Include="Include\DebugDrawer.h">
      <Filter>Header Files</Filter>
    </ClInclude>
    <ClInclude Include="Include\Entity.h">
      <Filter>Header Files</Filter>
    </ClInclude>
    <ClInclude Include="Include\Inputs.h">
      <Filter>Header Files</Filter>
    </ClInclude>
    <ClInclude Include="Include\Lighting.h">
      <Filter>Header Files</Filter>
    </ClInclude>
    <ClInclude Include="Include\Mesh.h">
      <Filter>Header Files</Filter>
    </ClInclude>
    <ClInclude Include="Include\Model.h">
      <Filter>Header Files</Filter>
    </ClInclude>
    <ClInclude Include="Include\Perlin.h">
      <Filter>Header Files</Filter>
    </ClInclude>
    <ClInclude Include="Include\PlayerCharacter.h">
      <Filter>Header Files</Filter>
    </ClInclude>
    <ClInclude Include="Include\Shader.h">
      <Filter>Header Files</Filter>
    </ClInclude>
    <ClInclude Include="Include\Voxel.h">
      <Filter>Header Files</Filter>
    </ClInclude>
    <ClInclude Include="Include\World.h">
      <Filter>Header Files</Filter>
    </ClInclude>
    <ClInclude Include="Src\Include\Chunk.h">
      <Filter>Header Files</Filter>
    </ClInclude>
    <ClInclude Include="Src\Include\Common.h">
      <Filter>Header Files</Filter>
    </ClInclude>
    <ClInclude Include="Src\Include\Inputs.h">
      <Filter>Header Files</Filter>
    </ClInclude>
    <ClInclude Include="Src\Include\World.h">
      <Filter>Header Files</Filter>
    </ClInclude>
    <ClInclude Include="Src\Include\stb_image.h">
      <Filter>Header Files</Filter>
    </ClInclude>
    <ClInclude Include="Src\Include\Texture.h">
      <Filter>Header Files</Filter>
    </ClInclude>
  </ItemGroup>
  <ItemGroup>
    <None Include="torch.fbx">
      <Filter>Assets</Filter>
    </None>
    <None Include="Shaders\Chunk.fs" />
    <None Include="Shaders\Chunk.vs" />
    <None Include="Shaders\ChunkDirShadow.fs" />
    <None Include="Shaders\ChunkDirShadow.vs" />
    <None Include="Shaders\ChunkPointShadow.fs" />
    <None Include="Shaders\ChunkPointShadow.gs" />
    <None Include="Shaders\ChunkPointShadow.vs" />
    <None Include="Shaders\Cloud.fs" />
    <None Include="Shaders\Cloud.vs" />
    <None Include="Shaders\DebugDrawer.fs" />
    <None Include="Shaders\DebugDrawer.vs" />
    <None Include="Shaders\Model.fs" />
    <None Include="Shaders\Model.vs" />
    <None Include="Shaders\Norm.fs" />
    <None Include="Shaders\Norm.gs" />
    <None Include="Shaders\Norm.vs" />
    <None Include="Shaders\PingPong.fs" />
    <None Include="Shaders\PingPong.vs" />
  </ItemGroup>
</Project>